
Microsoft Visual Studio Solution File, Format Version 12.00
# Visual Studio 15
VisualStudioVersion = 15.0.27428.2037
MinimumVisualStudioVersion = 10.0.40219.1
Project("{FAE04EC0-301F-11D3-BF4B-00C04F79EFBC}") = "PhotoSender.Android", "PhotoSender\PhotoSender.Android\PhotoSender.Android.csproj", "{645742F9-40D4-47E6-B502-43F64959F912}"
EndProject
Project("{FAE04EC0-301F-11D3-BF4B-00C04F79EFBC}") = "PhotoSender.iOS", "PhotoSender\PhotoSender.iOS\PhotoSender.iOS.csproj", "{0180D987-5480-4469-91A2-8FCC7D03F274}"
EndProject
Project("{FAE04EC0-301F-11D3-BF4B-00C04F79EFBC}") = "PhotoSender.UWP", "PhotoSender\PhotoSender.UWP\PhotoSender.UWP.csproj", "{7C656E5C-A0C3-4FA9-A23E-45599AB55502}"
EndProject
Project("{9A19103F-16F7-4668-BE54-9A1E7A4F7556}") = "PhotoSender", "PhotoSender\PhotoSender\PhotoSender.csproj", "{08F77345-CD40-42F9-B6E4-B7FA801A10C7}"
EndProject
Global
	GlobalSection(SolutionConfigurationPlatforms) = preSolution
		Ad-Hoc|Any CPU = Ad-Hoc|Any CPU
		Ad-Hoc|ARM = Ad-Hoc|ARM
		Ad-Hoc|iPhone = Ad-Hoc|iPhone
		Ad-Hoc|iPhoneSimulator = Ad-Hoc|iPhoneSimulator
		Ad-Hoc|x64 = Ad-Hoc|x64
		Ad-Hoc|x86 = Ad-Hoc|x86
		AppStore|Any CPU = AppStore|Any CPU
		AppStore|ARM = AppStore|ARM
		AppStore|iPhone = AppStore|iPhone
		AppStore|iPhoneSimulator = AppStore|iPhoneSimulator
		AppStore|x64 = AppStore|x64
		AppStore|x86 = AppStore|x86
		Debug|Any CPU = Debug|Any CPU
		Debug|ARM = Debug|ARM
		Debug|iPhone = Debug|iPhone
		Debug|iPhoneSimulator = Debug|iPhoneSimulator
		Debug|x64 = Debug|x64
		Debug|x86 = Debug|x86
		Release|Any CPU = Release|Any CPU
		Release|ARM = Release|ARM
		Release|iPhone = Release|iPhone
		Release|iPhoneSimulator = Release|iPhoneSimulator
		Release|x64 = Release|x64
		Release|x86 = Release|x86
	EndGlobalSection
	GlobalSection(ProjectConfigurationPlatforms) = postSolution
		{645742F9-40D4-47E6-B502-43F64959F912}.Ad-Hoc|Any CPU.ActiveCfg = Release|Any CPU
		{645742F9-40D4-47E6-B502-43F64959F912}.Ad-Hoc|Any CPU.Build.0 = Release|Any CPU
		{645742F9-40D4-47E6-B502-43F64959F912}.Ad-Hoc|Any CPU.Deploy.0 = Release|Any CPU
		{645742F9-40D4-47E6-B502-43F64959F912}.Ad-Hoc|ARM.ActiveCfg = Release|Any CPU
		{645742F9-40D4-47E6-B502-43F64959F912}.Ad-Hoc|ARM.Build.0 = Release|Any CPU
		{645742F9-40D4-47E6-B502-43F64959F912}.Ad-Hoc|ARM.Deploy.0 = Release|Any CPU
		{645742F9-40D4-47E6-B502-43F64959F912}.Ad-Hoc|iPhone.ActiveCfg = Release|Any CPU
		{645742F9-40D4-47E6-B502-43F64959F912}.Ad-Hoc|iPhone.Build.0 = Release|Any CPU
		{645742F9-40D4-47E6-B502-43F64959F912}.Ad-Hoc|iPhone.Deploy.0 = Release|Any CPU
		{645742F9-40D4-47E6-B502-43F64959F912}.Ad-Hoc|iPhoneSimulator.ActiveCfg = Release|Any CPU
		{645742F9-40D4-47E6-B502-43F64959F912}.Ad-Hoc|iPhoneSimulator.Build.0 = Release|Any CPU
		{645742F9-40D4-47E6-B502-43F64959F912}.Ad-Hoc|iPhoneSimulator.Deploy.0 = Release|Any CPU
		{645742F9-40D4-47E6-B502-43F64959F912}.Ad-Hoc|x64.ActiveCfg = Release|Any CPU
		{645742F9-40D4-47E6-B502-43F64959F912}.Ad-Hoc|x64.Build.0 = Release|Any CPU
		{645742F9-40D4-47E6-B502-43F64959F912}.Ad-Hoc|x64.Deploy.0 = Release|Any CPU
		{645742F9-40D4-47E6-B502-43F64959F912}.Ad-Hoc|x86.ActiveCfg = Release|Any CPU
		{645742F9-40D4-47E6-B502-43F64959F912}.Ad-Hoc|x86.Build.0 = Release|Any CPU
		{645742F9-40D4-47E6-B502-43F64959F912}.Ad-Hoc|x86.Deploy.0 = Release|Any CPU
		{645742F9-40D4-47E6-B502-43F64959F912}.AppStore|Any CPU.ActiveCfg = Release|Any CPU
		{645742F9-40D4-47E6-B502-43F64959F912}.AppStore|Any CPU.Build.0 = Release|Any CPU
		{645742F9-40D4-47E6-B502-43F64959F912}.AppStore|Any CPU.Deploy.0 = Release|Any CPU
		{645742F9-40D4-47E6-B502-43F64959F912}.AppStore|ARM.ActiveCfg = Release|Any CPU
		{645742F9-40D4-47E6-B502-43F64959F912}.AppStore|ARM.Build.0 = Release|Any CPU
		{645742F9-40D4-47E6-B502-43F64959F912}.AppStore|ARM.Deploy.0 = Release|Any CPU
		{645742F9-40D4-47E6-B502-43F64959F912}.AppStore|iPhone.ActiveCfg = Release|Any CPU
		{645742F9-40D4-47E6-B502-43F64959F912}.AppStore|iPhone.Build.0 = Release|Any CPU
		{645742F9-40D4-47E6-B502-43F64959F912}.AppStore|iPhone.Deploy.0 = Release|Any CPU
		{645742F9-40D4-47E6-B502-43F64959F912}.AppStore|iPhoneSimulator.ActiveCfg = Release|Any CPU
		{645742F9-40D4-47E6-B502-43F64959F912}.AppStore|iPhoneSimulator.Build.0 = Release|Any CPU
		{645742F9-40D4-47E6-B502-43F64959F912}.AppStore|iPhoneSimulator.Deploy.0 = Release|Any CPU
		{645742F9-40D4-47E6-B502-43F64959F912}.AppStore|x64.ActiveCfg = Release|Any CPU
		{645742F9-40D4-47E6-B502-43F64959F912}.AppStore|x64.Build.0 = Release|Any CPU
		{645742F9-40D4-47E6-B502-43F64959F912}.AppStore|x64.Deploy.0 = Release|Any CPU
		{645742F9-40D4-47E6-B502-43F64959F912}.AppStore|x86.ActiveCfg = Release|Any CPU
		{645742F9-40D4-47E6-B502-43F64959F912}.AppStore|x86.Build.0 = Release|Any CPU
		{645742F9-40D4-47E6-B502-43F64959F912}.AppStore|x86.Deploy.0 = Release|Any CPU
		{645742F9-40D4-47E6-B502-43F64959F912}.Debug|Any CPU.ActiveCfg = Debug|Any CPU
		{645742F9-40D4-47E6-B502-43F64959F912}.Debug|Any CPU.Build.0 = Debug|Any CPU
		{645742F9-40D4-47E6-B502-43F64959F912}.Debug|Any CPU.Deploy.0 = Debug|Any CPU
		{645742F9-40D4-47E6-B502-43F64959F912}.Debug|ARM.ActiveCfg = Debug|Any CPU
		{645742F9-40D4-47E6-B502-43F64959F912}.Debug|ARM.Build.0 = Debug|Any CPU
		{645742F9-40D4-47E6-B502-43F64959F912}.Debug|ARM.Deploy.0 = Debug|Any CPU
		{645742F9-40D4-47E6-B502-43F64959F912}.Debug|iPhone.ActiveCfg = Debug|Any CPU
		{645742F9-40D4-47E6-B502-43F64959F912}.Debug|iPhone.Build.0 = Debug|Any CPU
		{645742F9-40D4-47E6-B502-43F64959F912}.Debug|iPhone.Deploy.0 = Debug|Any CPU
		{645742F9-40D4-47E6-B502-43F64959F912}.Debug|iPhoneSimulator.ActiveCfg = Debug|Any CPU
		{645742F9-40D4-47E6-B502-43F64959F912}.Debug|iPhoneSimulator.Build.0 = Debug|Any CPU
		{645742F9-40D4-47E6-B502-43F64959F912}.Debug|iPhoneSimulator.Deploy.0 = Debug|Any CPU
		{645742F9-40D4-47E6-B502-43F64959F912}.Debug|x64.ActiveCfg = Debug|Any CPU
		{645742F9-40D4-47E6-B502-43F64959F912}.Debug|x64.Build.0 = Debug|Any CPU
		{645742F9-40D4-47E6-B502-43F64959F912}.Debug|x64.Deploy.0 = Debug|Any CPU
		{645742F9-40D4-47E6-B502-43F64959F912}.Debug|x86.ActiveCfg = Debug|Any CPU
		{645742F9-40D4-47E6-B502-43F64959F912}.Debug|x86.Build.0 = Debug|Any CPU
		{645742F9-40D4-47E6-B502-43F64959F912}.Debug|x86.Deploy.0 = Debug|Any CPU
		{645742F9-40D4-47E6-B502-43F64959F912}.Release|Any CPU.ActiveCfg = Release|Any CPU
		{645742F9-40D4-47E6-B502-43F64959F912}.Release|Any CPU.Build.0 = Release|Any CPU
		{645742F9-40D4-47E6-B502-43F64959F912}.Release|Any CPU.Deploy.0 = Release|Any CPU
		{645742F9-40D4-47E6-B502-43F64959F912}.Release|ARM.ActiveCfg = Release|Any CPU
		{645742F9-40D4-47E6-B502-43F64959F912}.Release|ARM.Build.0 = Release|Any CPU
		{645742F9-40D4-47E6-B502-43F64959F912}.Release|ARM.Deploy.0 = Release|Any CPU
		{645742F9-40D4-47E6-B502-43F64959F912}.Release|iPhone.ActiveCfg = Release|Any CPU
		{645742F9-40D4-47E6-B502-43F64959F912}.Release|iPhone.Build.0 = Release|Any CPU
		{645742F9-40D4-47E6-B502-43F64959F912}.Release|iPhone.Deploy.0 = Release|Any CPU
		{645742F9-40D4-47E6-B502-43F64959F912}.Release|iPhoneSimulator.ActiveCfg = Release|Any CPU
		{645742F9-40D4-47E6-B502-43F64959F912}.Release|iPhoneSimulator.Build.0 = Release|Any CPU
		{645742F9-40D4-47E6-B502-43F64959F912}.Release|iPhoneSimulator.Deploy.0 = Release|Any CPU
		{645742F9-40D4-47E6-B502-43F64959F912}.Release|x64.ActiveCfg = Release|Any CPU
		{645742F9-40D4-47E6-B502-43F64959F912}.Release|x64.Build.0 = Release|Any CPU
		{645742F9-40D4-47E6-B502-43F64959F912}.Release|x64.Deploy.0 = Release|Any CPU
		{645742F9-40D4-47E6-B502-43F64959F912}.Release|x86.ActiveCfg = Release|Any CPU
		{645742F9-40D4-47E6-B502-43F64959F912}.Release|x86.Build.0 = Release|Any CPU
		{645742F9-40D4-47E6-B502-43F64959F912}.Release|x86.Deploy.0 = Release|Any CPU
		{0180D987-5480-4469-91A2-8FCC7D03F274}.Ad-Hoc|Any CPU.ActiveCfg = Ad-Hoc|iPhone
		{0180D987-5480-4469-91A2-8FCC7D03F274}.Ad-Hoc|ARM.ActiveCfg = Ad-Hoc|iPhone
		{0180D987-5480-4469-91A2-8FCC7D03F274}.Ad-Hoc|iPhone.ActiveCfg = Ad-Hoc|iPhone
		{0180D987-5480-4469-91A2-8FCC7D03F274}.Ad-Hoc|iPhone.Build.0 = Ad-Hoc|iPhone
		{0180D987-5480-4469-91A2-8FCC7D03F274}.Ad-Hoc|iPhoneSimulator.ActiveCfg = Ad-Hoc|iPhoneSimulator
		{0180D987-5480-4469-91A2-8FCC7D03F274}.Ad-Hoc|iPhoneSimulator.Build.0 = Ad-Hoc|iPhoneSimulator
		{0180D987-5480-4469-91A2-8FCC7D03F274}.Ad-Hoc|x64.ActiveCfg = Ad-Hoc|iPhone
		{0180D987-5480-4469-91A2-8FCC7D03F274}.Ad-Hoc|x86.ActiveCfg = Ad-Hoc|iPhone
		{0180D987-5480-4469-91A2-8FCC7D03F274}.AppStore|Any CPU.ActiveCfg = AppStore|iPhone
		{0180D987-5480-4469-91A2-8FCC7D03F274}.AppStore|ARM.ActiveCfg = AppStore|iPhone
		{0180D987-5480-4469-91A2-8FCC7D03F274}.AppStore|iPhone.ActiveCfg = AppStore|iPhone
		{0180D987-5480-4469-91A2-8FCC7D03F274}.AppStore|iPhone.Build.0 = AppStore|iPhone
		{0180D987-5480-4469-91A2-8FCC7D03F274}.AppStore|iPhoneSimulator.ActiveCfg = AppStore|iPhoneSimulator
		{0180D987-5480-4469-91A2-8FCC7D03F274}.AppStore|iPhoneSimulator.Build.0 = AppStore|iPhoneSimulator
		{0180D987-5480-4469-91A2-8FCC7D03F274}.AppStore|x64.ActiveCfg = AppStore|iPhone
		{0180D987-5480-4469-91A2-8FCC7D03F274}.AppStore|x86.ActiveCfg = AppStore|iPhone
		{0180D987-5480-4469-91A2-8FCC7D03F274}.Debug|Any CPU.ActiveCfg = Debug|iPhone
		{0180D987-5480-4469-91A2-8FCC7D03F274}.Debug|ARM.ActiveCfg = Debug|iPhone
		{0180D987-5480-4469-91A2-8FCC7D03F274}.Debug|iPhone.ActiveCfg = Debug|iPhone
		{0180D987-5480-4469-91A2-8FCC7D03F274}.Debug|iPhone.Build.0 = Debug|iPhone
		{0180D987-5480-4469-91A2-8FCC7D03F274}.Debug|iPhoneSimulator.ActiveCfg = Debug|iPhoneSimulator
		{0180D987-5480-4469-91A2-8FCC7D03F274}.Debug|iPhoneSimulator.Build.0 = Debug|iPhoneSimulator
		{0180D987-5480-4469-91A2-8FCC7D03F274}.Debug|x64.ActiveCfg = Debug|iPhone
		{0180D987-5480-4469-91A2-8FCC7D03F274}.Debug|x86.ActiveCfg = Debug|iPhone
		{0180D987-5480-4469-91A2-8FCC7D03F274}.Release|Any CPU.ActiveCfg = Release|iPhone
		{0180D987-5480-4469-91A2-8FCC7D03F274}.Release|ARM.ActiveCfg = Release|iPhone
		{0180D987-5480-4469-91A2-8FCC7D03F274}.Release|iPhone.ActiveCfg = Release|iPhone
		{0180D987-5480-4469-91A2-8FCC7D03F274}.Release|iPhone.Build.0 = Release|iPhone
		{0180D987-5480-4469-91A2-8FCC7D03F274}.Release|iPhoneSimulator.ActiveCfg = Release|iPhoneSimulator
		{0180D987-5480-4469-91A2-8FCC7D03F274}.Release|iPhoneSimulator.Build.0 = Release|iPhoneSimulator
		{0180D987-5480-4469-91A2-8FCC7D03F274}.Release|x64.ActiveCfg = Release|iPhone
		{0180D987-5480-4469-91A2-8FCC7D03F274}.Release|x86.ActiveCfg = Release|iPhone
		{7C656E5C-A0C3-4FA9-A23E-45599AB55502}.Ad-Hoc|Any CPU.ActiveCfg = Release|x86
		{7C656E5C-A0C3-4FA9-A23E-45599AB55502}.Ad-Hoc|Any CPU.Build.0 = Release|x86
		{7C656E5C-A0C3-4FA9-A23E-45599AB55502}.Ad-Hoc|Any CPU.Deploy.0 = Release|x86
		{7C656E5C-A0C3-4FA9-A23E-45599AB55502}.Ad-Hoc|ARM.ActiveCfg = Release|ARM
		{7C656E5C-A0C3-4FA9-A23E-45599AB55502}.Ad-Hoc|ARM.Build.0 = Release|ARM
		{7C656E5C-A0C3-4FA9-A23E-45599AB55502}.Ad-Hoc|ARM.Deploy.0 = Release|ARM
		{7C656E5C-A0C3-4FA9-A23E-45599AB55502}.Ad-Hoc|iPhone.ActiveCfg = Release|x86
		{7C656E5C-A0C3-4FA9-A23E-45599AB55502}.Ad-Hoc|iPhone.Build.0 = Release|x86
		{7C656E5C-A0C3-4FA9-A23E-45599AB55502}.Ad-Hoc|iPhone.Deploy.0 = Release|x86
		{7C656E5C-A0C3-4FA9-A23E-45599AB55502}.Ad-Hoc|iPhoneSimulator.ActiveCfg = Release|x86
		{7C656E5C-A0C3-4FA9-A23E-45599AB55502}.Ad-Hoc|iPhoneSimulator.Build.0 = Release|x86
		{7C656E5C-A0C3-4FA9-A23E-45599AB55502}.Ad-Hoc|iPhoneSimulator.Deploy.0 = Release|x86
		{7C656E5C-A0C3-4FA9-A23E-45599AB55502}.Ad-Hoc|x64.ActiveCfg = Release|x64
		{7C656E5C-A0C3-4FA9-A23E-45599AB55502}.Ad-Hoc|x64.Build.0 = Release|x64
		{7C656E5C-A0C3-4FA9-A23E-45599AB55502}.Ad-Hoc|x64.Deploy.0 = Release|x64
		{7C656E5C-A0C3-4FA9-A23E-45599AB55502}.Ad-Hoc|x86.ActiveCfg = Release|x86
		{7C656E5C-A0C3-4FA9-A23E-45599AB55502}.Ad-Hoc|x86.Build.0 = Release|x86
		{7C656E5C-A0C3-4FA9-A23E-45599AB55502}.Ad-Hoc|x86.Deploy.0 = Release|x86
		{7C656E5C-A0C3-4FA9-A23E-45599AB55502}.AppStore|Any CPU.ActiveCfg = Release|x86
		{7C656E5C-A0C3-4FA9-A23E-45599AB55502}.AppStore|Any CPU.Build.0 = Release|x86
		{7C656E5C-A0C3-4FA9-A23E-45599AB55502}.AppStore|Any CPU.Deploy.0 = Release|x86
		{7C656E5C-A0C3-4FA9-A23E-45599AB55502}.AppStore|ARM.ActiveCfg = Release|ARM
		{7C656E5C-A0C3-4FA9-A23E-45599AB55502}.AppStore|ARM.Build.0 = Release|ARM
		{7C656E5C-A0C3-4FA9-A23E-45599AB55502}.AppStore|ARM.Deploy.0 = Release|ARM
		{7C656E5C-A0C3-4FA9-A23E-45599AB55502}.AppStore|iPhone.ActiveCfg = Release|x86
		{7C656E5C-A0C3-4FA9-A23E-45599AB55502}.AppStore|iPhone.Build.0 = Release|x86
		{7C656E5C-A0C3-4FA9-A23E-45599AB55502}.AppStore|iPhone.Deploy.0 = Release|x86
		{7C656E5C-A0C3-4FA9-A23E-45599AB55502}.AppStore|iPhoneSimulator.ActiveCfg = Release|x86
		{7C656E5C-A0C3-4FA9-A23E-45599AB55502}.AppStore|iPhoneSimulator.Build.0 = Release|x86
		{7C656E5C-A0C3-4FA9-A23E-45599AB55502}.AppStore|iPhoneSimulator.Deploy.0 = Release|x86
		{7C656E5C-A0C3-4FA9-A23E-45599AB55502}.AppStore|x64.ActiveCfg = Release|x64
		{7C656E5C-A0C3-4FA9-A23E-45599AB55502}.AppStore|x64.Build.0 = Release|x64
		{7C656E5C-A0C3-4FA9-A23E-45599AB55502}.AppStore|x64.Deploy.0 = Release|x64
		{7C656E5C-A0C3-4FA9-A23E-45599AB55502}.AppStore|x86.ActiveCfg = Release|x86
		{7C656E5C-A0C3-4FA9-A23E-45599AB55502}.AppStore|x86.Build.0 = Release|x86
		{7C656E5C-A0C3-4FA9-A23E-45599AB55502}.AppStore|x86.Deploy.0 = Release|x86
		{7C656E5C-A0C3-4FA9-A23E-45599AB55502}.Debug|Any CPU.ActiveCfg = Debug|x86
		{7C656E5C-A0C3-4FA9-A23E-45599AB55502}.Debug|ARM.ActiveCfg = Debug|ARM
		{7C656E5C-A0C3-4FA9-A23E-45599AB55502}.Debug|ARM.Build.0 = Debug|ARM
		{7C656E5C-A0C3-4FA9-A23E-45599AB55502}.Debug|ARM.Deploy.0 = Debug|ARM
		{7C656E5C-A0C3-4FA9-A23E-45599AB55502}.Debug|iPhone.ActiveCfg = Debug|x86
		{7C656E5C-A0C3-4FA9-A23E-45599AB55502}.Debug|iPhoneSimulator.ActiveCfg = Debug|x86
		{7C656E5C-A0C3-4FA9-A23E-45599AB55502}.Debug|x64.ActiveCfg = Debug|x64
		{7C656E5C-A0C3-4FA9-A23E-45599AB55502}.Debug|x64.Build.0 = Debug|x64
		{7C656E5C-A0C3-4FA9-A23E-45599AB55502}.Debug|x64.Deploy.0 = Debug|x64
		{7C656E5C-A0C3-4FA9-A23E-45599AB55502}.Debug|x86.ActiveCfg = Debug|x86
		{7C656E5C-A0C3-4FA9-A23E-45599AB55502}.Debug|x86.Build.0 = Debug|x86
		{7C656E5C-A0C3-4FA9-A23E-45599AB55502}.Debug|x86.Deploy.0 = Debug|x86
		{7C656E5C-A0C3-4FA9-A23E-45599AB55502}.Release|Any CPU.ActiveCfg = Release|x86
		{7C656E5C-A0C3-4FA9-A23E-45599AB55502}.Release|ARM.ActiveCfg = Release|ARM
		{7C656E5C-A0C3-4FA9-A23E-45599AB55502}.Release|ARM.Build.0 = Release|ARM
		{7C656E5C-A0C3-4FA9-A23E-45599AB55502}.Release|ARM.Deploy.0 = Release|ARM
		{7C656E5C-A0C3-4FA9-A23E-45599AB55502}.Release|iPhone.ActiveCfg = Release|x86
		{7C656E5C-A0C3-4FA9-A23E-45599AB55502}.Release|iPhoneSimulator.ActiveCfg = Release|x86
		{7C656E5C-A0C3-4FA9-A23E-45599AB55502}.Release|x64.ActiveCfg = Release|x64
		{7C656E5C-A0C3-4FA9-A23E-45599AB55502}.Release|x64.Build.0 = Release|x64
		{7C656E5C-A0C3-4FA9-A23E-45599AB55502}.Release|x64.Deploy.0 = Release|x64
		{7C656E5C-A0C3-4FA9-A23E-45599AB55502}.Release|x86.ActiveCfg = Release|x86
		{7C656E5C-A0C3-4FA9-A23E-45599AB55502}.Release|x86.Build.0 = Release|x86
		{7C656E5C-A0C3-4FA9-A23E-45599AB55502}.Release|x86.Deploy.0 = Release|x86
		{08F77345-CD40-42F9-B6E4-B7FA801A10C7}.Ad-Hoc|Any CPU.ActiveCfg = Debug|Any CPU
		{08F77345-CD40-42F9-B6E4-B7FA801A10C7}.Ad-Hoc|Any CPU.Build.0 = Debug|Any CPU
		{08F77345-CD40-42F9-B6E4-B7FA801A10C7}.Ad-Hoc|ARM.ActiveCfg = Debug|Any CPU
		{08F77345-CD40-42F9-B6E4-B7FA801A10C7}.Ad-Hoc|ARM.Build.0 = Debug|Any CPU
		{08F77345-CD40-42F9-B6E4-B7FA801A10C7}.Ad-Hoc|iPhone.ActiveCfg = Debug|Any CPU
		{08F77345-CD40-42F9-B6E4-B7FA801A10C7}.Ad-Hoc|iPhone.Build.0 = Debug|Any CPU
		{08F77345-CD40-42F9-B6E4-B7FA801A10C7}.Ad-Hoc|iPhoneSimulator.ActiveCfg = Debug|Any CPU
		{08F77345-CD40-42F9-B6E4-B7FA801A10C7}.Ad-Hoc|iPhoneSimulator.Build.0 = Debug|Any CPU
		{08F77345-CD40-42F9-B6E4-B7FA801A10C7}.Ad-Hoc|x64.ActiveCfg = Debug|Any CPU
		{08F77345-CD40-42F9-B6E4-B7FA801A10C7}.Ad-Hoc|x64.Build.0 = Debug|Any CPU
		{08F77345-CD40-42F9-B6E4-B7FA801A10C7}.Ad-Hoc|x86.ActiveCfg = Debug|Any CPU
		{08F77345-CD40-42F9-B6E4-B7FA801A10C7}.Ad-Hoc|x86.Build.0 = Debug|Any CPU
		{08F77345-CD40-42F9-B6E4-B7FA801A10C7}.AppStore|Any CPU.ActiveCfg = Debug|Any CPU
		{08F77345-CD40-42F9-B6E4-B7FA801A10C7}.AppStore|Any CPU.Build.0 = Debug|Any CPU
		{08F77345-CD40-42F9-B6E4-B7FA801A10C7}.AppStore|ARM.ActiveCfg = Debug|Any CPU
		{08F77345-CD40-42F9-B6E4-B7FA801A10C7}.AppStore|ARM.Build.0 = Debug|Any CPU
		{08F77345-CD40-42F9-B6E4-B7FA801A10C7}.AppStore|iPhone.ActiveCfg = Debug|Any CPU
		{08F77345-CD40-42F9-B6E4-B7FA801A10C7}.AppStore|iPhone.Build.0 = Debug|Any CPU
		{08F77345-CD40-42F9-B6E4-B7FA801A10C7}.AppStore|iPhoneSimulator.ActiveCfg = Debug|Any CPU
		{08F77345-CD40-42F9-B6E4-B7FA801A10C7}.AppStore|iPhoneSimulator.Build.0 = Debug|Any CPU
		{08F77345-CD40-42F9-B6E4-B7FA801A10C7}.AppStore|x64.ActiveCfg = Debug|Any CPU
		{08F77345-CD40-42F9-B6E4-B7FA801A10C7}.AppStore|x64.Build.0 = Debug|Any CPU
		{08F77345-CD40-42F9-B6E4-B7FA801A10C7}.AppStore|x86.ActiveCfg = Debug|Any CPU
		{08F77345-CD40-42F9-B6E4-B7FA801A10C7}.AppStore|x86.Build.0 = Debug|Any CPU
		{08F77345-CD40-42F9-B6E4-B7FA801A10C7}.Debug|Any CPU.ActiveCfg = Debug|Any CPU
		{08F77345-CD40-42F9-B6E4-B7FA801A10C7}.Debug|Any CPU.Build.0 = Debug|Any CPU
		{08F77345-CD40-42F9-B6E4-B7FA801A10C7}.Debug|ARM.ActiveCfg = Debug|Any CPU
		{08F77345-CD40-42F9-B6E4-B7FA801A10C7}.Debug|ARM.Build.0 = Debug|Any CPU
		{08F77345-CD40-42F9-B6E4-B7FA801A10C7}.Debug|iPhone.ActiveCfg = Debug|Any CPU
		{08F77345-CD40-42F9-B6E4-B7FA801A10C7}.Debug|iPhone.Build.0 = Debug|Any CPU
		{08F77345-CD40-42F9-B6E4-B7FA801A10C7}.Debug|iPhoneSimulator.ActiveCfg = Debug|Any CPU
		{08F77345-CD40-42F9-B6E4-B7FA801A10C7}.Debug|iPhoneSimulator.Build.0 = Debug|Any CPU
		{08F77345-CD40-42F9-B6E4-B7FA801A10C7}.Debug|x64.ActiveCfg = Debug|Any CPU
		{08F77345-CD40-42F9-B6E4-B7FA801A10C7}.Debug|x64.Build.0 = Debug|Any CPU
		{08F77345-CD40-42F9-B6E4-B7FA801A10C7}.Debug|x86.ActiveCfg = Debug|Any CPU
		{08F77345-CD40-42F9-B6E4-B7FA801A10C7}.Debug|x86.Build.0 = Debug|Any CPU
		{08F77345-CD40-42F9-B6E4-B7FA801A10C7}.Release|Any CPU.ActiveCfg = Release|Any CPU
		{08F77345-CD40-42F9-B6E4-B7FA801A10C7}.Release|Any CPU.Build.0 = Release|Any CPU
		{08F77345-CD40-42F9-B6E4-B7FA801A10C7}.Release|ARM.ActiveCfg = Release|Any CPU
		{08F77345-CD40-42F9-B6E4-B7FA801A10C7}.Release|ARM.Build.0 = Release|Any CPU
		{08F77345-CD40-42F9-B6E4-B7FA801A10C7}.Release|iPhone.ActiveCfg = Release|Any CPU
		{08F77345-CD40-42F9-B6E4-B7FA801A10C7}.Release|iPhone.Build.0 = Release|Any CPU
		{08F77345-CD40-42F9-B6E4-B7FA801A10C7}.Release|iPhoneSimulator.ActiveCfg = Release|Any CPU
		{08F77345-CD40-42F9-B6E4-B7FA801A10C7}.Release|iPhoneSimulator.Build.0 = Release|Any CPU
		{08F77345-CD40-42F9-B6E4-B7FA801A10C7}.Release|x64.ActiveCfg = Release|Any CPU
		{08F77345-CD40-42F9-B6E4-B7FA801A10C7}.Release|x64.Build.0 = Release|Any CPU
		{08F77345-CD40-42F9-B6E4-B7FA801A10C7}.Release|x86.ActiveCfg = Release|Any CPU
		{08F77345-CD40-42F9-B6E4-B7FA801A10C7}.Release|x86.Build.0 = Release|Any CPU
	EndGlobalSection
	GlobalSection(SolutionProperties) = preSolution
		HideSolutionNode = FALSE
	EndGlobalSection
	GlobalSection(ExtensibilityGlobals) = postSolution
		SolutionGuid = {297A7000-AFA5-468A-B086-4DDA6AA72F6D}
	EndGlobalSection
EndGlobal
